
Microsoft Visual Studio Solution File, Format Version 12.00
# Visual Studio 15
VisualStudioVersion = 15.0.28010.2003
MinimumVisualStudioVersion = 10.0.40219.1
Project("{FAE04EC0-301F-11D3-BF4B-00C04F79EFBC}") = "HackerRank", "HackerRank\HackerRank.csproj", "{21934DDD-EDF1-449E-B0D9-21821A19BA85}"
EndProject
Global
	GlobalSection(SolutionConfigurationPlatforms) = preSolution
		Debug|Any CPU = Debug|Any CPU
		Release|Any CPU = Release|Any CPU
	EndGlobalSection
	GlobalSection(ProjectConfigurationPlatforms) = postSolution
		{21934DDD-EDF1-449E-B0D9-21821A19BA85}.Debug|Any CPU.ActiveCfg = Debug|Any CPU
		{21934DDD-EDF1-449E-B0D9-21821A19BA85}.Debug|Any CPU.Build.0 = Debug|Any CPU
		{21934DDD-EDF1-449E-B0D9-21821A19BA85}.Release|Any CPU.ActiveCfg = Release|Any CPU
		{21934DDD-EDF1-449E-B0D9-21821A19BA85}.Release|Any CPU.Build.0 = Release|Any CPU
	EndGlobalSection
	GlobalSection(SolutionProperties) = preSolution
		HideSolutionNode = FALSE
	EndGlobalSection
	GlobalSection(ExtensibilityGlobals) = postSolution
		SolutionGuid = {36D4C7B8-93F8-43FE-AE24-9DA0ECB7F74B}
	EndGlobalSection
EndGlobal
